
Microsoft Visual Studio Solution File, Format Version 12.00
# Visual Studio Version 17
VisualStudioVersion = 17.4.33122.133
MinimumVisualStudioVersion = 10.0.40219.1
Project("{FAE04EC0-301F-11D3-BF4B-00C04F79EFBC}") = "CodeChallange_WebAPI", "CodeChallange_WebAPI.csproj", "{46FFE116-B507-4B37-93E7-12DF1A7C7843}"
EndProject
Global
	GlobalSection(SolutionConfigurationPlatforms) = preSolution
		Debug|Any CPU = Debug|Any CPU
		Release|Any CPU = Release|Any CPU
	EndGlobalSection
	GlobalSection(ProjectConfigurationPlatforms) = postSolution
		{46FFE116-B507-4B37-93E7-12DF1A7C7843}.Debug|Any CPU.ActiveCfg = Debug|Any CPU
		{46FFE116-B507-4B37-93E7-12DF1A7C7843}.Debug|Any CPU.Build.0 = Debug|Any CPU
		{46FFE116-B507-4B37-93E7-12DF1A7C7843}.Release|Any CPU.ActiveCfg = Release|Any CPU
		{46FFE116-B507-4B37-93E7-12DF1A7C7843}.Release|Any CPU.Build.0 = Release|Any CPU
	EndGlobalSection
	GlobalSection(SolutionProperties) = preSolution
		HideSolutionNode = FALSE
	EndGlobalSection
	GlobalSection(ExtensibilityGlobals) = postSolution
		SolutionGuid = {533337BF-BF5D-4A79-8972-C7F8545BC8CB}
	EndGlobalSection
EndGlobal
